
Microsoft Visual Studio Solution File, Format Version 12.00
# Visual Studio 15
VisualStudioVersion = 15.0.26730.15
MinimumVisualStudioVersion = 10.0.40219.1
Project("{FAE04EC0-301F-11D3-BF4B-00C04F79EFBC}") = "RewardsAdFetcher", "RewardsAdFetcher.csproj", "{D86392B4-19AD-4326-A533-6ED70DCE47AD}"
EndProject
Global
	GlobalSection(SolutionConfigurationPlatforms) = preSolution
		Debug|Any CPU = Debug|Any CPU
		Release|Any CPU = Release|Any CPU
	EndGlobalSection
	GlobalSection(ProjectConfigurationPlatforms) = postSolution
		{D86392B4-19AD-4326-A533-6ED70DCE47AD}.Debug|Any CPU.ActiveCfg = Debug|Any CPU
		{D86392B4-19AD-4326-A533-6ED70DCE47AD}.Debug|Any CPU.Build.0 = Debug|Any CPU
		{D86392B4-19AD-4326-A533-6ED70DCE47AD}.Release|Any CPU.ActiveCfg = Release|Any CPU
		{D86392B4-19AD-4326-A533-6ED70DCE47AD}.Release|Any CPU.Build.0 = Release|Any CPU
	EndGlobalSection
	GlobalSection(SolutionProperties) = preSolution
		HideSolutionNode = FALSE
	EndGlobalSection
	GlobalSection(ExtensibilityGlobals) = postSolution
		SolutionGuid = {128672CA-DDF7-4607-8903-DEABF05662E1}
	EndGlobalSection
EndGlobal
